
Microsoft Visual Studio Solution File, Format Version 12.00
# Visual Studio Version 16
VisualStudioVersion = 16.0.31624.102
MinimumVisualStudioVersion = 10.0.40219.1
Project("{FAE04EC0-301F-11D3-BF4B-00C04F79EFBC}") = "Admin.UWP", "Admin.UWP\Admin.UWP.csproj", "{449B9F84-6237-4719-ADC6-D31AD587CAC2}"
EndProject
Project("{FAE04EC0-301F-11D3-BF4B-00C04F79EFBC}") = "Admin.Android", "Admin.Android\Admin.Android.csproj", "{C2655206-64E8-49A2-9125-20BE299B78B3}"
EndProject
Project("{FAE04EC0-301F-11D3-BF4B-00C04F79EFBC}") = "Admin.iOS", "Admin.iOS\Admin.iOS.csproj", "{9B3AC7CC-2E30-4FDC-990E-FD82B90297E4}"
EndProject
Project("{FAE04EC0-301F-11D3-BF4B-00C04F79EFBC}") = "Admin", "Admin\Admin.csproj", "{971BA44C-0702-4BEA-903C-923F87BF73A1}"
EndProject
Global
	GlobalSection(SolutionConfigurationPlatforms) = preSolution
		Debug|Any CPU = Debug|Any CPU
		Debug|ARM = Debug|ARM
		Debug|iPhone = Debug|iPhone
		Debug|iPhoneSimulator = Debug|iPhoneSimulator
		Debug|x64 = Debug|x64
		Debug|x86 = Debug|x86
		Release|Any CPU = Release|Any CPU
		Release|ARM = Release|ARM
		Release|iPhone = Release|iPhone
		Release|iPhoneSimulator = Release|iPhoneSimulator
		Release|x64 = Release|x64
		Release|x86 = Release|x86
	EndGlobalSection
	GlobalSection(ProjectConfigurationPlatforms) = postSolution
		{449B9F84-6237-4719-ADC6-D31AD587CAC2}.Debug|Any CPU.ActiveCfg = Debug|x86
		{449B9F84-6237-4719-ADC6-D31AD587CAC2}.Debug|Any CPU.Build.0 = Debug|x86
		{449B9F84-6237-4719-ADC6-D31AD587CAC2}.Debug|Any CPU.Deploy.0 = Debug|x86
		{449B9F84-6237-4719-ADC6-D31AD587CAC2}.Debug|ARM.ActiveCfg = Debug|ARM
		{449B9F84-6237-4719-ADC6-D31AD587CAC2}.Debug|ARM.Build.0 = Debug|ARM
		{449B9F84-6237-4719-ADC6-D31AD587CAC2}.Debug|ARM.Deploy.0 = Debug|ARM
		{449B9F84-6237-4719-ADC6-D31AD587CAC2}.Debug|iPhone.ActiveCfg = Debug|x86
		{449B9F84-6237-4719-ADC6-D31AD587CAC2}.Debug|iPhone.Build.0 = Debug|x86
		{449B9F84-6237-4719-ADC6-D31AD587CAC2}.Debug|iPhone.Deploy.0 = Debug|x86
		{449B9F84-6237-4719-ADC6-D31AD587CAC2}.Debug|iPhoneSimulator.ActiveCfg = Debug|x86
		{449B9F84-6237-4719-ADC6-D31AD587CAC2}.Debug|iPhoneSimulator.Build.0 = Debug|x86
		{449B9F84-6237-4719-ADC6-D31AD587CAC2}.Debug|iPhoneSimulator.Deploy.0 = Debug|x86
		{449B9F84-6237-4719-ADC6-D31AD587CAC2}.Debug|x64.ActiveCfg = Debug|x64
		{449B9F84-6237-4719-ADC6-D31AD587CAC2}.Debug|x64.Build.0 = Debug|x64
		{449B9F84-6237-4719-ADC6-D31AD587CAC2}.Debug|x64.Deploy.0 = Debug|x64
		{449B9F84-6237-4719-ADC6-D31AD587CAC2}.Debug|x86.ActiveCfg = Debug|x86
		{449B9F84-6237-4719-ADC6-D31AD587CAC2}.Debug|x86.Build.0 = Debug|x86
		{449B9F84-6237-4719-ADC6-D31AD587CAC2}.Debug|x86.Deploy.0 = Debug|x86
		{449B9F84-6237-4719-ADC6-D31AD587CAC2}.Release|Any CPU.ActiveCfg = Release|x86
		{449B9F84-6237-4719-ADC6-D31AD587CAC2}.Release|Any CPU.Build.0 = Release|x86
		{449B9F84-6237-4719-ADC6-D31AD587CAC2}.Release|Any CPU.Deploy.0 = Release|x86
		{449B9F84-6237-4719-ADC6-D31AD587CAC2}.Release|ARM.ActiveCfg = Release|ARM
		{449B9F84-6237-4719-ADC6-D31AD587CAC2}.Release|ARM.Build.0 = Release|ARM
		{449B9F84-6237-4719-ADC6-D31AD587CAC2}.Release|ARM.Deploy.0 = Release|ARM
		{449B9F84-6237-4719-ADC6-D31AD587CAC2}.Release|iPhone.ActiveCfg = Release|x86
		{449B9F84-6237-4719-ADC6-D31AD587CAC2}.Release|iPhone.Build.0 = Release|x86
		{449B9F84-6237-4719-ADC6-D31AD587CAC2}.Release|iPhone.Deploy.0 = Release|x86
		{449B9F84-6237-4719-ADC6-D31AD587CAC2}.Release|iPhoneSimulator.ActiveCfg = Release|x86
		{449B9F84-6237-4719-ADC6-D31AD587CAC2}.Release|iPhoneSimulator.Build.0 = Release|x86
		{449B9F84-6237-4719-ADC6-D31AD587CAC2}.Release|iPhoneSimulator.Deploy.0 = Release|x86
		{449B9F84-6237-4719-ADC6-D31AD587CAC2}.Release|x64.ActiveCfg = Release|x64
		{449B9F84-6237-4719-ADC6-D31AD587CAC2}.Release|x64.Build.0 = Release|x64
		{449B9F84-6237-4719-ADC6-D31AD587CAC2}.Release|x64.Deploy.0 = Release|x64
		{449B9F84-6237-4719-ADC6-D31AD587CAC2}.Release|x86.ActiveCfg = Release|x86
		{449B9F84-6237-4719-ADC6-D31AD587CAC2}.Release|x86.Build.0 = Release|x86
		{449B9F84-6237-4719-ADC6-D31AD587CAC2}.Release|x86.Deploy.0 = Release|x86
		{C2655206-64E8-49A2-9125-20BE299B78B3}.Debug|Any CPU.ActiveCfg = Debug|Any CPU
		{C2655206-64E8-49A2-9125-20BE299B78B3}.Debug|Any CPU.Build.0 = Debug|Any CPU
		{C2655206-64E8-49A2-9125-20BE299B78B3}.Debug|Any CPU.Deploy.0 = Debug|Any CPU
		{C2655206-64E8-49A2-9125-20BE299B78B3}.Debug|ARM.ActiveCfg = Debug|Any CPU
		{C2655206-64E8-49A2-9125-20BE299B78B3}.Debug|ARM.Build.0 = Debug|Any CPU
		{C2655206-64E8-49A2-9125-20BE299B78B3}.Debug|ARM.Deploy.0 = Debug|Any CPU
		{C2655206-64E8-49A2-9125-20BE299B78B3}.Debug|iPhone.ActiveCfg = Debug|Any CPU
		{C2655206-64E8-49A2-9125-20BE299B78B3}.Debug|iPhone.Build.0 = Debug|Any CPU
		{C2655206-64E8-49A2-9125-20BE299B78B3}.Debug|iPhone.Deploy.0 = Debug|Any CPU
		{C2655206-64E8-49A2-9125-20BE299B78B3}.Debug|iPhoneSimulator.ActiveCfg = Debug|Any CPU
		{C2655206-64E8-49A2-9125-20BE299B78B3}.Debug|iPhoneSimulator.Build.0 = Debug|Any CPU
		{C2655206-64E8-49A2-9125-20BE299B78B3}.Debug|iPhoneSimulator.Deploy.0 = Debug|Any CPU
		{C2655206-64E8-49A2-9125-20BE299B78B3}.Debug|x64.ActiveCfg = Debug|Any CPU
		{C2655206-64E8-49A2-9125-20BE299B78B3}.Debug|x64.Build.0 = Debug|Any CPU
		{C2655206-64E8-49A2-9125-20BE299B78B3}.Debug|x64.Deploy.0 = Debug|Any CPU
		{C2655206-64E8-49A2-9125-20BE299B78B3}.Debug|x86.ActiveCfg = Debug|Any CPU
		{C2655206-64E8-49A2-9125-20BE299B78B3}.Debug|x86.Build.0 = Debug|Any CPU
		{C2655206-64E8-49A2-9125-20BE299B78B3}.Debug|x86.Deploy.0 = Debug|Any CPU
		{C2655206-64E8-49A2-9125-20BE299B78B3}.Release|Any CPU.ActiveCfg = Release|Any CPU
		{C2655206-64E8-49A2-9125-20BE299B78B3}.Release|Any CPU.Build.0 = Release|Any CPU
		{C2655206-64E8-49A2-9125-20BE299B78B3}.Release|Any CPU.Deploy.0 = Release|Any CPU
		{C2655206-64E8-49A2-9125-20BE299B78B3}.Release|ARM.ActiveCfg = Release|Any CPU
		{C2655206-64E8-49A2-9125-20BE299B78B3}.Release|ARM.Build.0 = Release|Any CPU
		{C2655206-64E8-49A2-9125-20BE299B78B3}.Release|ARM.Deploy.0 = Release|Any CPU
		{C2655206-64E8-49A2-9125-20BE299B78B3}.Release|iPhone.ActiveCfg = Release|Any CPU
		{C2655206-64E8-49A2-9125-20BE299B78B3}.Release|iPhone.Build.0 = Release|Any CPU
		{C2655206-64E8-49A2-9125-20BE299B78B3}.Release|iPhone.Deploy.0 = Release|Any CPU
		{C2655206-64E8-49A2-9125-20BE299B78B3}.Release|iPhoneSimulator.ActiveCfg = Release|Any CPU
		{C2655206-64E8-49A2-9125-20BE299B78B3}.Release|iPhoneSimulator.Build.0 = Release|Any CPU
		{C2655206-64E8-49A2-9125-20BE299B78B3}.Release|iPhoneSimulator.Deploy.0 = Release|Any CPU
		{C2655206-64E8-49A2-9125-20BE299B78B3}.Release|x64.ActiveCfg = Release|Any CPU
		{C2655206-64E8-49A2-9125-20BE299B78B3}.Release|x64.Build.0 = Release|Any CPU
		{C2655206-64E8-49A2-9125-20BE299B78B3}.Release|x64.Deploy.0 = Release|Any CPU
		{C2655206-64E8-49A2-9125-20BE299B78B3}.Release|x86.ActiveCfg = Release|Any CPU
		{C2655206-64E8-49A2-9125-20BE299B78B3}.Release|x86.Build.0 = Release|Any CPU
		{C2655206-64E8-49A2-9125-20BE299B78B3}.Release|x86.Deploy.0 = Release|Any CPU
		{9B3AC7CC-2E30-4FDC-990E-FD82B90297E4}.Debug|Any CPU.ActiveCfg = Debug|iPhoneSimulator
		{9B3AC7CC-2E30-4FDC-990E-FD82B90297E4}.Debug|Any CPU.Build.0 = Debug|iPhoneSimulator
		{9B3AC7CC-2E30-4FDC-990E-FD82B90297E4}.Debug|Any CPU.Deploy.0 = Debug|iPhoneSimulator
		{9B3AC7CC-2E30-4FDC-990E-FD82B90297E4}.Debug|ARM.ActiveCfg = Debug|iPhone
		{9B3AC7CC-2E30-4FDC-990E-FD82B90297E4}.Debug|ARM.Build.0 = Debug|iPhone
		{9B3AC7CC-2E30-4FDC-990E-FD82B90297E4}.Debug|ARM.Deploy.0 = Debug|iPhone
		{9B3AC7CC-2E30-4FDC-990E-FD82B90297E4}.Debug|iPhone.ActiveCfg = Debug|iPhone
		{9B3AC7CC-2E30-4FDC-990E-FD82B90297E4}.Debug|iPhone.Build.0 = Debug|iPhone
		{9B3AC7CC-2E30-4FDC-990E-FD82B90297E4}.Debug|iPhone.Deploy.0 = Debug|iPhone
		{9B3AC7CC-2E30-4FDC-990E-FD82B90297E4}.Debug|iPhoneSimulator.ActiveCfg = Debug|iPhoneSimulator
		{9B3AC7CC-2E30-4FDC-990E-FD82B90297E4}.Debug|iPhoneSimulator.Build.0 = Debug|iPhoneSimulator
		{9B3AC7CC-2E30-4FDC-990E-FD82B90297E4}.Debug|iPhoneSimulator.Deploy.0 = Debug|iPhoneSimulator
		{9B3AC7CC-2E30-4FDC-990E-FD82B90297E4}.Debug|x64.ActiveCfg = Debug|iPhoneSimulator
		{9B3AC7CC-2E30-4FDC-990E-FD82B90297E4}.Debug|x64.Build.0 = Debug|iPhoneSimulator
		{9B3AC7CC-2E30-4FDC-990E-FD82B90297E4}.Debug|x64.Deploy.0 = Debug|iPhoneSimulator
		{9B3AC7CC-2E30-4FDC-990E-FD82B90297E4}.Debug|x86.ActiveCfg = Debug|iPhoneSimulator
		{9B3AC7CC-2E30-4FDC-990E-FD82B90297E4}.Debug|x86.Build.0 = Debug|iPhoneSimulator
		{9B3AC7CC-2E30-4FDC-990E-FD82B90297E4}.Debug|x86.Deploy.0 = Debug|iPhoneSimulator
		{9B3AC7CC-2E30-4FDC-990E-FD82B90297E4}.Release|Any CPU.ActiveCfg = Release|iPhoneSimulator
		{9B3AC7CC-2E30-4FDC-990E-FD82B90297E4}.Release|Any CPU.Build.0 = Release|iPhoneSimulator
		{9B3AC7CC-2E30-4FDC-990E-FD82B90297E4}.Release|Any CPU.Deploy.0 = Release|iPhoneSimulator
		{9B3AC7CC-2E30-4FDC-990E-FD82B90297E4}.Release|ARM.ActiveCfg = Release|iPhoneSimulator
		{9B3AC7CC-2E30-4FDC-990E-FD82B90297E4}.Release|ARM.Build.0 = Release|iPhoneSimulator
		{9B3AC7CC-2E30-4FDC-990E-FD82B90297E4}.Release|ARM.Deploy.0 = Release|iPhoneSimulator
		{9B3AC7CC-2E30-4FDC-990E-FD82B90297E4}.Release|iPhone.ActiveCfg = Release|iPhone
		{9B3AC7CC-2E30-4FDC-990E-FD82B90297E4}.Release|iPhone.Build.0 = Release|iPhone
		{9B3AC7CC-2E30-4FDC-990E-FD82B90297E4}.Release|iPhone.Deploy.0 = Release|iPhone
		{9B3AC7CC-2E30-4FDC-990E-FD82B90297E4}.Release|iPhoneSimulator.ActiveCfg = Release|iPhoneSimulator
		{9B3AC7CC-2E30-4FDC-990E-FD82B90297E4}.Release|iPhoneSimulator.Build.0 = Release|iPhoneSimulator
		{9B3AC7CC-2E30-4FDC-990E-FD82B90297E4}.Release|iPhoneSimulator.Deploy.0 = Release|iPhoneSimulator
		{9B3AC7CC-2E30-4FDC-990E-FD82B90297E4}.Release|x64.ActiveCfg = Release|iPhoneSimulator
		{9B3AC7CC-2E30-4FDC-990E-FD82B90297E4}.Release|x64.Build.0 = Release|iPhoneSimulator
		{9B3AC7CC-2E30-4FDC-990E-FD82B90297E4}.Release|x64.Deploy.0 = Release|iPhoneSimulator
		{9B3AC7CC-2E30-4FDC-990E-FD82B90297E4}.Release|x86.ActiveCfg = Release|iPhoneSimulator
		{9B3AC7CC-2E30-4FDC-990E-FD82B90297E4}.Release|x86.Build.0 = Release|iPhoneSimulator
		{9B3AC7CC-2E30-4FDC-990E-FD82B90297E4}.Release|x86.Deploy.0 = Release|iPhoneSimulator
		{971BA44C-0702-4BEA-903C-923F87BF73A1}.Debug|Any CPU.ActiveCfg = Debug|Any CPU
		{971BA44C-0702-4BEA-903C-923F87BF73A1}.Debug|Any CPU.Build.0 = Debug|Any CPU
		{971BA44C-0702-4BEA-903C-923F87BF73A1}.Debug|Any CPU.Deploy.0 = Debug|Any CPU
		{971BA44C-0702-4BEA-903C-923F87BF73A1}.Debug|ARM.ActiveCfg = Debug|Any CPU
		{971BA44C-0702-4BEA-903C-923F87BF73A1}.Debug|ARM.Build.0 = Debug|Any CPU
		{971BA44C-0702-4BEA-903C-923F87BF73A1}.Debug|ARM.Deploy.0 = Debug|Any CPU
		{971BA44C-0702-4BEA-903C-923F87BF73A1}.Debug|iPhone.ActiveCfg = Debug|Any CPU
		{971BA44C-0702-4BEA-903C-923F87BF73A1}.Debug|iPhone.Build.0 = Debug|Any CPU
		{971BA44C-0702-4BEA-903C-923F87BF73A1}.Debug|iPhone.Deploy.0 = Debug|Any CPU
		{971BA44C-0702-4BEA-903C-923F87BF73A1}.Debug|iPhoneSimulator.ActiveCfg = Debug|Any CPU
		{971BA44C-0702-4BEA-903C-923F87BF73A1}.Debug|iPhoneSimulator.Build.0 = Debug|Any CPU
		{971BA44C-0702-4BEA-903C-923F87BF73A1}.Debug|iPhoneSimulator.Deploy.0 = Debug|Any CPU
		{971BA44C-0702-4BEA-903C-923F87BF73A1}.Debug|x64.ActiveCfg = Debug|Any CPU
		{971BA44C-0702-4BEA-903C-923F87BF73A1}.Debug|x64.Build.0 = Debug|Any CPU
		{971BA44C-0702-4BEA-903C-923F87BF73A1}.Debug|x64.Deploy.0 = Debug|Any CPU
		{971BA44C-0702-4BEA-903C-923F87BF73A1}.Debug|x86.ActiveCfg = Debug|Any CPU
		{971BA44C-0702-4BEA-903C-923F87BF73A1}.Debug|x86.Build.0 = Debug|Any CPU
		{971BA44C-0702-4BEA-903C-923F87BF73A1}.Debug|x86.Deploy.0 = Debug|Any CPU
		{971BA44C-0702-4BEA-903C-923F87BF73A1}.Release|Any CPU.ActiveCfg = Release|Any CPU
		{971BA44C-0702-4BEA-903C-923F87BF73A1}.Release|Any CPU.Build.0 = Release|Any CPU
		{971BA44C-0702-4BEA-903C-923F87BF73A1}.Release|Any CPU.Deploy.0 = Release|Any CPU
		{971BA44C-0702-4BEA-903C-923F87BF73A1}.Release|ARM.ActiveCfg = Release|Any CPU
		{971BA44C-0702-4BEA-903C-923F87BF73A1}.Release|ARM.Build.0 = Release|Any CPU
		{971BA44C-0702-4BEA-903C-923F87BF73A1}.Release|ARM.Deploy.0 = Release|Any CPU
		{971BA44C-0702-4BEA-903C-923F87BF73A1}.Release|iPhone.ActiveCfg = Release|Any CPU
		{971BA44C-0702-4BEA-903C-923F87BF73A1}.Release|iPhone.Build.0 = Release|Any CPU
		{971BA44C-0702-4BEA-903C-923F87BF73A1}.Release|iPhone.Deploy.0 = Release|Any CPU
		{971BA44C-0702-4BEA-903C-923F87BF73A1}.Release|iPhoneSimulator.ActiveCfg = Release|Any CPU
		{971BA44C-0702-4BEA-903C-923F87BF73A1}.Release|iPhoneSimulator.Build.0 = Release|Any CPU
		{971BA44C-0702-4BEA-903C-923F87BF73A1}.Release|iPhoneSimulator.Deploy.0 = Release|Any CPU
		{971BA44C-0702-4BEA-903C-923F87BF73A1}.Release|x64.ActiveCfg = Release|Any CPU
		{971BA44C-0702-4BEA-903C-923F87BF73A1}.Release|x64.Build.0 = Release|Any CPU
		{971BA44C-0702-4BEA-903C-923F87BF73A1}.Release|x64.Deploy.0 = Release|Any CPU
		{971BA44C-0702-4BEA-903C-923F87BF73A1}.Release|x86.ActiveCfg = Release|Any CPU
		{971BA44C-0702-4BEA-903C-923F87BF73A1}.Release|x86.Build.0 = Release|Any CPU
		{971BA44C-0702-4BEA-903C-923F87BF73A1}.Release|x86.Deploy.0 = Release|Any CPU
	EndGlobalSection
	GlobalSection(SolutionProperties) = preSolution
		HideSolutionNode = FALSE
	EndGlobalSection
	GlobalSection(ExtensibilityGlobals) = postSolution
		SolutionGuid = {A2AC0EF0-EBD3-4665-BE12-6361B27FACE7}
	EndGlobalSection
EndGlobal
